
Microsoft Visual Studio Solution File, Format Version 12.00
# Visual Studio Version 17
VisualStudioVersion = 17.5.33516.290
MinimumVisualStudioVersion = 10.0.40219.1
Project("{FAE04EC0-301F-11D3-BF4B-00C04F79EFBC}") = "66. Plus One", "66. Plus One.csproj", "{37EB2F69-5646-41C8-8D58-4CDB6244319A}"
EndProject
Global
	GlobalSection(SolutionConfigurationPlatforms) = preSolution
		Debug|Any CPU = Debug|Any CPU
		Release|Any CPU = Release|Any CPU
	EndGlobalSection
	GlobalSection(ProjectConfigurationPlatforms) = postSolution
		{37EB2F69-5646-41C8-8D58-4CDB6244319A}.Debug|Any CPU.ActiveCfg = Debug|Any CPU
		{37EB2F69-5646-41C8-8D58-4CDB6244319A}.Debug|Any CPU.Build.0 = Debug|Any CPU
		{37EB2F69-5646-41C8-8D58-4CDB6244319A}.Release|Any CPU.ActiveCfg = Release|Any CPU
		{37EB2F69-5646-41C8-8D58-4CDB6244319A}.Release|Any CPU.Build.0 = Release|Any CPU
	EndGlobalSection
	GlobalSection(SolutionProperties) = preSolution
		HideSolutionNode = FALSE
	EndGlobalSection
	GlobalSection(ExtensibilityGlobals) = postSolution
		SolutionGuid = {88E2C44A-8250-454C-B0ED-9F653E2A7985}
	EndGlobalSection
EndGlobal
